{
  "requires": true,
  "lockfileVersion": 1,
  "dependencies": {
    "froala-editor": {
      "version": "3.0.2",
      "resolved": "https://registry.npmjs.org/froala-editor/-/froala-editor-3.0.2.tgz",
      "integrity": "sha512-oSMs/1M6o2foph7dEyRwXOm/Yan+t1j05CsKpnCqHJVzjGy22ypJg090g/qW7ASIsoF/kU0aJLdMFmFPBHhRUA=="
    }
  }
}
